
Microsoft Visual Studio Solution File, Format Version 12.00
# Visual Studio 2012
Project("{FAE04EC0-301F-11D3-BF4B-00C04F79EFBC}") = "WebServ_FMS_V2", "WebServ_FMS_V2\WebServ_FMS_V2.csproj", "{9684F7D1-D749-4AD4-9630-559A6C63639D}"
	ProjectSection(ProjectDependencies) = postProject
		{7DD046C2-BE53-4AF2-B077-131AD942BEA1} = {7DD046C2-BE53-4AF2-B077-131AD942BEA1}
	EndProjectSection
EndProject
Project("{FAE04EC0-301F-11D3-BF4B-00C04F79EFBC}") = "FMSVS_DataAccess", "FMSVS_DataAccess\FMSVS_DataAccess.csproj", "{7DD046C2-BE53-4AF2-B077-131AD942BEA1}"
EndProject
Global
	GlobalSection(SolutionConfigurationPlatforms) = preSolution
		Debug|Any CPU = Debug|Any CPU
		Release|Any CPU = Release|Any CPU
	EndGlobalSection
	GlobalSection(ProjectConfigurationPlatforms) = postSolution
		{9684F7D1-D749-4AD4-9630-559A6C63639D}.Debug|Any CPU.ActiveCfg = Debug|Any CPU
		{9684F7D1-D749-4AD4-9630-559A6C63639D}.Debug|Any CPU.Build.0 = Debug|Any CPU
		{9684F7D1-D749-4AD4-9630-559A6C63639D}.Release|Any CPU.ActiveCfg = Release|Any CPU
		{9684F7D1-D749-4AD4-9630-559A6C63639D}.Release|Any CPU.Build.0 = Release|Any CPU
		{7DD046C2-BE53-4AF2-B077-131AD942BEA1}.Debug|Any CPU.ActiveCfg = Debug|Any CPU
		{7DD046C2-BE53-4AF2-B077-131AD942BEA1}.Debug|Any CPU.Build.0 = Debug|Any CPU
		{7DD046C2-BE53-4AF2-B077-131AD942BEA1}.Release|Any CPU.ActiveCfg = Release|Any CPU
		{7DD046C2-BE53-4AF2-B077-131AD942BEA1}.Release|Any CPU.Build.0 = Release|Any CPU
	EndGlobalSection
	GlobalSection(SolutionProperties) = preSolution
		HideSolutionNode = FALSE
	EndGlobalSection
EndGlobal
